// !$*UTF8*$!
{
	archiveVersion = 1;
	classes = {
	};
	objectVersion = 50;
	objects = {

/* Begin PBXBuildFile section */
		7120389F25B4E6940010803A /* TableViewController.swift in Sources */ = {isa = PBXBuildFile; fileRef = 7120389E25B4E6940010803A /* TableViewController.swift */; };
		712038A225B4E8140010803A /* ShakeViewController.swift in Sources */ = {isa = PBXBuildFile; fileRef = 712038A125B4E8140010803A /* ShakeViewController.swift */; };
		712038A525B4E8D30010803A /* FlyViewController.swift in Sources */ = {isa = PBXBuildFile; fileRef = 712038A425B4E8D30010803A /* FlyViewController.swift */; };
		716DA51225B35C7800F39C39 /* AppDelegate.swift in Sources */ = {isa = PBXBuildFile; fileRef = 716DA51125B35C7800F39C39 /* AppDelegate.swift */; };
		716DA51B25B35C7900F39C39 /* Assets.xcassets in Resources */ = {isa = PBXBuildFile; fileRef = 716DA51A25B35C7900F39C39 /* Assets.xcassets */; };
		716DA51E25B35C7900F39C39 /* LaunchScreen.storyboard in Resources */ = {isa = PBXBuildFile; fileRef = 716DA51C25B35C7900F39C39 /* LaunchScreen.storyboard */; };
		71BD3B9625BC89DE00A924EA /* TestViewController.swift in Sources */ = {isa = PBXBuildFile; fileRef = 71BD3B9525BC89DE00A924EA /* TestViewController.swift */; };
		71D82CAB25B7A200009B7D38 /* Rotate2ViewController.swift in Sources */ = {isa = PBXBuildFile; fileRef = 71D82CAA25B7A200009B7D38 /* Rotate2ViewController.swift */; };
		71DADA7E25C1BB8800FF382F /* MoveViewController.swift in Sources */ = {isa = PBXBuildFile; fileRef = 71DADA7D25C1BB8800FF382F /* MoveViewController.swift */; };
		71DADA8225C2E66B00FF382F /* ScaleViewController.swift in Sources */ = {isa = PBXBuildFile; fileRef = 71DADA8125C2E66B00FF382F /* ScaleViewController.swift */; };
		71DADA8625C2EE3100FF382F /* RotateViewController.swift in Sources */ = {isa = PBXBuildFile; fileRef = 71DADA8525C2EE3100FF382F /* RotateViewController.swift */; };
		71DADA8B25C2F59B00FF382F /* CirclingViewController.swift in Sources */ = {isa = PBXBuildFile; fileRef = 71DADA8A25C2F59B00FF382F /* CirclingViewController.swift */; };
/* End PBXBuildFile section */

/* Begin PBXFileReference section */
		7120389E25B4E6940010803A /* TableViewController.swift */ = {isa = PBXFileReference; lastKnownFileType = sourcecode.swift; path = TableViewController.swift; sourceTree = "<group>"; };
		712038A125B4E8140010803A /* ShakeViewController.swift */ = {isa = PBXFileReference; lastKnownFileType = sourcecode.swift; path = ShakeViewController.swift; sourceTree = "<group>"; };
		712038A425B4E8D30010803A /* FlyViewController.swift */ = {isa = PBXFileReference; lastKnownFileType = sourcecode.swift; path = FlyViewController.swift; sourceTree = "<group>"; };
		716DA50E25B35C7800F39C39 /* CoreAnimationIntro.app */ = {isa = PBXFileReference; explicitFileType = wrapper.application; includeInIndex = 0; path = CoreAnimationIntro.app; sourceTree = BUILT_PRODUCTS_DIR; };
		716DA51125B35C7800F39C39 /* AppDelegate.swift */ = {isa = PBXFileReference; lastKnownFileType = sourcecode.swift; path = AppDelegate.swift; sourceTree = "<group>"; };
		716DA51A25B35C7900F39C39 /* Assets.xcassets */ = {isa = PBXFileReference; lastKnownFileType = folder.assetcatalog; path = Assets.xcassets; sourceTree = "<group>"; };
		716DA51D25B35C7900F39C39 /* Base */ = {isa = PBXFileReference; lastKnownFileType = file.storyboard; name = Base; path = Base.lproj/LaunchScreen.storyboard; sourceTree = "<group>"; };
		716DA51F25B35C7900F39C39 /* Info.plist */ = {isa = PBXFileReference; lastKnownFileType = text.plist.xml; path = Info.plist; sourceTree = "<group>"; };
		71BD3B9525BC89DE00A924EA /* TestViewController.swift */ = {isa = PBXFileReference; lastKnownFileType = sourcecode.swift; path = TestViewController.swift; sourceTree = "<group>"; };
		71D82CAA25B7A200009B7D38 /* Rotate2ViewController.swift */ = {isa = PBXFileReference; lastKnownFileType = sourcecode.swift; path = Rotate2ViewController.swift; sourceTree = "<group>"; };
		71DADA7D25C1BB8800FF382F /* MoveViewController.swift */ = {isa = PBXFileReference; lastKnownFileType = sourcecode.swift; path = MoveViewController.swift; sourceTree = "<group>"; };
		71DADA8125C2E66B00FF382F /* ScaleViewController.swift */ = {isa = PBXFileReference; lastKnownFileType = sourcecode.swift; path = ScaleViewController.swift; sourceTree = "<group>"; };
		71DADA8525C2EE3100FF382F /* RotateViewController.swift */ = {isa = PBXFileReference; lastKnownFileType = sourcecode.swift; path = RotateViewController.swift; sourceTree = "<group>"; };
		71DADA8A25C2F59B00FF382F /* CirclingViewController.swift */ = {isa = PBXFileReference; lastKnownFileType = sourcecode.swift; path = CirclingViewController.swift; sourceTree = "<group>"; };
/* End PBXFileReference section */

/* Begin PBXFrameworksBuildPhase section */
		716DA50B25B35C7800F39C39 /* Frameworks */ = {
			isa = PBXFrameworksBuildPhase;
			buildActionMask = 2147483647;
			files = (
			);
			runOnlyForDeploymentPostprocessing = 0;
		};
/* End PBXFrameworksBuildPhase section */

/* Begin PBXGroup section */
		716DA50525B35C7800F39C39 = {
			isa = PBXGroup;
			children = (
				716DA51025B35C7800F39C39 /* CoreAnimationIntro */,
				716DA50F25B35C7800F39C39 /* Products */,
			);
			sourceTree = "<group>";
		};
		716DA50F25B35C7800F39C39 /* Products */ = {
			isa = PBXGroup;
			children = (
				716DA50E25B35C7800F39C39 /* CoreAnimationIntro.app */,
			);
			name = Products;
			sourceTree = "<group>";
		};
		716DA51025B35C7800F39C39 /* CoreAnimationIntro */ = {
			isa = PBXGroup;
			children = (
				716DA52825B35CDC00F39C39 /* Files */,
				716DA51125B35C7800F39C39 /* AppDelegate.swift */,
				7120389E25B4E6940010803A /* TableViewController.swift */,
				71DADA7D25C1BB8800FF382F /* MoveViewController.swift */,
				71DADA8125C2E66B00FF382F /* ScaleViewController.swift */,
				71DADA8525C2EE3100FF382F /* RotateViewController.swift */,
				712038A125B4E8140010803A /* ShakeViewController.swift */,
				71DADA8A25C2F59B00FF382F /* CirclingViewController.swift */,
				71D82CAA25B7A200009B7D38 /* Rotate2ViewController.swift */,
				712038A425B4E8D30010803A /* FlyViewController.swift */,
				71BD3B9525BC89DE00A924EA /* TestViewController.swift */,
			);
			path = CoreAnimationIntro;
			sourceTree = "<group>";
		};
		716DA52825B35CDC00F39C39 /* Files */ = {
			isa = PBXGroup;
			children = (
				716DA51A25B35C7900F39C39 /* Assets.xcassets */,
				716DA51C25B35C7900F39C39 /* LaunchScreen.storyboard */,
				716DA51F25B35C7900F39C39 /* Info.plist */,
			);
			name = Files;
			sourceTree = "<group>";
		};
/* End PBXGroup section */

/* Begin PBXNativeTarget section */
		716DA50D25B35C7800F39C39 /* CoreAnimationIntro */ = {
			isa = PBXNativeTarget;
			buildConfigurationList = 716DA52225B35C7900F39C39 /* Build configuration list for PBXNativeTarget "CoreAnimationIntro" */;
			buildPhases = (
				716DA50A25B35C7800F39C39 /* Sources */,
				716DA50B25B35C7800F39C39 /* Frameworks */,
				716DA50C25B35C7800F39C39 /* Resources */,
			);
			buildRules = (
			);
			dependencies = (
			);
			name = CoreAnimationIntro;
			productName = CoreAnimationIntro;
			productReference = 716DA50E25B35C7800F39C39 /* CoreAnimationIntro.app */;
			productType = "com.apple.product-type.application";
		};
/* End PBXNativeTarget section */

/* Begin PBXProject section */
		716DA50625B35C7800F39C39 /* Project object */ = {
			isa = PBXProject;
			attributes = {
				LastSwiftUpdateCheck = 1200;
				LastUpgradeCheck = 1200;
				TargetAttributes = {
					716DA50D25B35C7800F39C39 = {
						CreatedOnToolsVersion = 12.0;
					};
				};
			};
			buildConfigurationList = 716DA50925B35C7800F39C39 /* Build configuration list for PBXProject "CoreAnimationIntro" */;
			compatibilityVersion = "Xcode 9.3";
			developmentRegion = en;
			hasScannedForEncodings = 0;
			knownRegions = (
				en,
				Base,
			);
			mainGroup = 716DA50525B35C7800F39C39;
			productRefGroup = 716DA50F25B35C7800F39C39 /* Products */;
			projectDirPath = "";
			projectRoot = "";
			targets = (
				716DA50D25B35C7800F39C39 /* CoreAnimationIntro */,
			);
		};
/* End PBXProject section */

/* Begin PBXResourcesBuildPhase section */
		716DA50C25B35C7800F39C39 /* Resources */ = {
			isa = PBXResourcesBuildPhase;
			buildActionMask = 2147483647;
			files = (
				716DA51E25B35C7900F39C39 /* LaunchScreen.storyboard in Resources */,
				716DA51B25B35C7900F39C39 /* Assets.xcassets in Resources */,
			);
			runOnlyForDeploymentPostprocessing = 0;
		};
/* End PBXResourcesBuildPhase section */

/* Begin PBXSourcesBuildPhase section */
		716DA50A25B35C7800F39C39 /* Sources */ = {
			isa = PBXSourcesBuildPhase;
			buildActionMask = 2147483647;
			files = (
				71DADA8225C2E66B00FF382F /* ScaleViewController.swift in Sources */,
				71DADA7E25C1BB8800FF382F /* MoveViewController.swift in Sources */,
				71D82CAB25B7A200009B7D38 /* Rotate2ViewController.swift in Sources */,
				712038A525B4E8D30010803A /* FlyViewController.swift in Sources */,
				7120389F25B4E6940010803A /* TableViewController.swift in Sources */,
				716DA51225B35C7800F39C39 /* AppDelegate.swift in Sources */,
				71BD3B9625BC89DE00A924EA /* TestViewController.swift in Sources */,
				71DADA8B25C2F59B00FF382F /* CirclingViewController.swift in Sources */,
				712038A225B4E8140010803A /* ShakeViewController.swift in Sources */,
				71DADA8625C2EE3100FF382F /* RotateViewController.swift in Sources */,
			);
			runOnlyForDeploymentPostprocessing = 0;
		};
/* End PBXSourcesBuildPhase section */

/* Begin PBXVariantGroup section */
		716DA51C25B35C7900F39C39 /* LaunchScreen.storyboard */ = {
			isa = PBXVariantGroup;
			children = (
				716DA51D25B35C7900F39C39 /* Base */,
			);
			name = LaunchScreen.storyboard;
			sourceTree = "<group>";
		};
/* End PBXVariantGroup section */

/* Begin XCBuildConfiguration section */
		716DA52025B35C7900F39C39 /* Debug */ = {
			isa = XCBuildConfiguration;
			buildSettings = {
				ALWAYS_SEARCH_USER_PATHS = NO;
				CLANG_ANALYZER_NONNULL = YES;
				CLANG_ANALYZER_NUMBER_OBJECT_CONVERSION = YES_AGGRESSIVE;
				CLANG_CXX_LANGUAGE_STANDARD = "gnu++14";
				CLANG_CXX_LIBRARY = "libc++";
				CLANG_ENABLE_MODULES = YES;
				CLANG_ENABLE_OBJC_ARC = YES;
				CLANG_ENABLE_OBJC_WEAK = YES;
				CLANG_WARN_BLOCK_CAPTURE_AUTORELEASING = YES;
				CLANG_WARN_BOOL_CONVERSION = YES;
				CLANG_WARN_COMMA = YES;
				CLANG_WARN_CONSTANT_CONVERSION = YES;
				CLANG_WARN_DEPRECATED_OBJC_IMPLEMENTATIONS = YES;
				CLANG_WARN_DIRECT_OBJC_ISA_USAGE = YES_ERROR;
				CLANG_WARN_DOCUMENTATION_COMMENTS = YES;
				CLANG_WARN_EMPTY_BODY = YES;
				CLANG_WARN_ENUM_CONVERSION = YES;
				CLANG_WARN_INFINITE_RECURSION = YES;
				CLANG_WARN_INT_CONVERSION = YES;
				CLANG_WARN_NON_LITERAL_NULL_CONVERSION = YES;
				CLANG_WARN_OBJC_IMPLICIT_RETAIN_SELF = YES;
				CLANG_WARN_OBJC_LITERAL_CONVERSION = YES;
				CLANG_WARN_OBJC_ROOT_CLASS = YES_ERROR;
				CLANG_WARN_QUOTED_INCLUDE_IN_FRAMEWORK_HEADER = YES;
				CLANG_WARN_RANGE_LOOP_ANALYSIS = YES;
				CLANG_WARN_STRICT_PROTOTYPES = YES;
				CLANG_WARN_SUSPICIOUS_MOVE = YES;
				CLANG_WARN_UNGUARDED_AVAILABILITY = YES_AGGRESSIVE;
				CLANG_WARN_UNREACHABLE_CODE = YES;
				CLANG_WARN__DUPLICATE_METHOD_MATCH = YES;
				COPY_PHASE_STRIP = NO;
				DEBUG_INFORMATION_FORMAT = dwarf;
				ENABLE_STRICT_OBJC_MSGSEND = YES;
				ENABLE_TESTABILITY = YES;
				GCC_C_LANGUAGE_STANDARD = gnu11;
				GCC_DYNAMIC_NO_PIC = NO;
				GCC_NO_COMMON_BLOCKS = YES;
				GCC_OPTIMIZATION_LEVEL = 0;
				GCC_PREPROCESSOR_DEFINITIONS = (
					"DEBUG=1",
					"$(inherited)",
				);
				GCC_WARN_64_TO_32_BIT_CONVERSION = YES;
				GCC_WARN_ABOUT_RETURN_TYPE = YES_ERROR;
				GCC_WARN_UNDECLARED_SELECTOR = YES;
				GCC_WARN_UNINITIALIZED_AUTOS = YES_AGGRESSIVE;
				GCC_WARN_UNUSED_FUNCTION = YES;
				GCC_WARN_UNUSED_VARIABLE = YES;
				IPHONEOS_DEPLOYMENT_TARGET = 14.0;
				MTL_ENABLE_DEBUG_INFO = INCLUDE_SOURCE;
				MTL_FAST_MATH = YES;
				ONLY_ACTIVE_ARCH = YES;
				SDKROOT = iphoneos;
				SWIFT_ACTIVE_COMPILATION_CONDITIONS = DEBUG;
				SWIFT_OPTIMIZATION_LEVEL = "-Onone";
			};
			name = Debug;
		};
		716DA52125B35C7900F39C39 /* Release */ = {
			isa = XCBuildConfiguration;
			buildSettings = {
				ALWAYS_SEARCH_USER_PATHS = NO;
				CLANG_ANALYZER_NONNULL = YES;
				CLANG_ANALYZER_NUMBER_OBJECT_CONVERSION = YES_AGGRESSIVE;
				CLANG_CXX_LANGUAGE_STANDARD = "gnu++14";
				CLANG_CXX_LIBRARY = "libc++";
				CLANG_ENABLE_MODULES = YES;
				CLANG_ENABLE_OBJC_ARC = YES;
				CLANG_ENABLE_OBJC_WEAK = YES;
				CLANG_WARN_BLOCK_CAPTURE_AUTORELEASING = YES;
				CLANG_WARN_BOOL_CONVERSION = YES;
				CLANG_WARN_COMMA = YES;
				CLANG_WARN_CONSTANT_CONVERSION = YES;
				CLANG_WARN_DEPRECATED_OBJC_IMPLEMENTATIONS = YES;
				CLANG_WARN_DIRECT_OBJC_ISA_USAGE = YES_ERROR;
				CLANG_WARN_DOCUMENTATION_COMMENTS = YES;
				CLANG_WARN_EMPTY_BODY = YES;
				CLANG_WARN_ENUM_CONVERSION = YES;
				CLANG_WARN_INFINITE_RECURSION = YES;
				CLANG_WARN_INT_CONVERSION = YES;
				CLANG_WARN_NON_LITERAL_NULL_CONVERSION = YES;
				CLANG_WARN_OBJC_IMPLICIT_RETAIN_SELF = YES;
				CLANG_WARN_OBJC_LITERAL_CONVERSION = YES;
				CLANG_WARN_OBJC_ROOT_CLASS = YES_ERROR;
				CLANG_WARN_QUOTED_INCLUDE_IN_FRAMEWORK_HEADER = YES;
				CLANG_WARN_RANGE_LOOP_ANALYSIS = YES;
				CLANG_WARN_STRICT_PROTOTYPES = YES;
				CLANG_WARN_SUSPICIOUS_MOVE = YES;
				CLANG_WARN_UNGUARDED_AVAILABILITY = YES_AGGRESSIVE;
				CLANG_WARN_UNREACHABLE_CODE = YES;
				CLANG_WARN__DUPLICATE_METHOD_MATCH = YES;
				COPY_PHASE_STRIP = NO;
				DEBUG_INFORMATION_FORMAT = "dwarf-with-dsym";
				ENABLE_NS_ASSERTIONS = NO;
				ENABLE_STRICT_OBJC_MSGSEND = YES;
				GCC_C_LANGUAGE_STANDARD = gnu11;
				GCC_NO_COMMON_BLOCKS = YES;
				GCC_WARN_64_TO_32_BIT_CONVERSION = YES;
				GCC_WARN_ABOUT_RETURN_TYPE = YES_ERROR;
				GCC_WARN_UNDECLARED_SELECTOR = YES;
				GCC_WARN_UNINITIALIZED_AUTOS = YES_AGGRESSIVE;
				GCC_WARN_UNUSED_FUNCTION = YES;
				GCC_WARN_UNUSED_VARIABLE = YES;
				IPHONEOS_DEPLOYMENT_TARGET = 14.0;
				MTL_ENABLE_DEBUG_INFO = NO;
				MTL_FAST_MATH = YES;
				SDKROOT = iphoneos;
				SWIFT_COMPILATION_MODE = wholemodule;
				SWIFT_OPTIMIZATION_LEVEL = "-O";
				VALIDATE_PRODUCT = YES;
			};
			name = Release;
		};
		716DA52325B35C7900F39C39 /* Debug */ = {
			isa = XCBuildConfiguration;
			buildSettings = {
				ASSETCATALOG_COMPILER_APPICON_NAME = AppIcon;
				ASSETCATALOG_COMPILER_GLOBAL_ACCENT_COLOR_NAME = AccentColor;
				CODE_SIGN_STYLE = Automatic;
				INFOPLIST_FILE = CoreAnimationIntro/Info.plist;
				LD_RUNPATH_SEARCH_PATHS = (
					"$(inherited)",
					"@executable_path/Frameworks",
				);
				PRODUCT_BUNDLE_IDENTIFIER = com.rsc.CoreAnimationIntro;
				PRODUCT_NAME = "$(TARGET_NAME)";
				SWIFT_VERSION = 5.0;
				TARGETED_DEVICE_FAMILY = "1,2";
			};
			name = Debug;
		};
		716DA52425B35C7900F39C39 /* Release */ = {
			isa = XCBuildConfiguration;
			buildSettings = {
				ASSETCATALOG_COMPILER_APPICON_NAME = AppIcon;
				ASSETCATALOG_COMPILER_GLOBAL_ACCENT_COLOR_NAME = AccentColor;
				CODE_SIGN_STYLE = Automatic;
				INFOPLIST_FILE = CoreAnimationIntro/Info.plist;
				LD_RUNPATH_SEARCH_PATHS = (
					"$(inherited)",
					"@executable_path/Frameworks",
				);
				PRODUCT_BUNDLE_IDENTIFIER = com.rsc.CoreAnimationIntro;
				PRODUCT_NAME = "$(TARGET_NAME)";
				SWIFT_VERSION = 5.0;
				TARGETED_DEVICE_FAMILY = "1,2";
			};
			name = Release;
		};
/* End XCBuildConfiguration section */

/* Begin XCConfigurationList section */
		716DA50925B35C7800F39C39 /* Build configuration list for PBXProject "CoreAnimationIntro" */ = {
			isa = XCConfigurationList;
			buildConfigurations = (
				716DA52025B35C7900F39C39 /* Debug */,
				716DA52125B35C7900F39C39 /* Release */,
			);
			defaultConfigurationIsVisible = 0;
			defaultConfigurationName = Release;
		};
		716DA52225B35C7900F39C39 /* Build configuration list for PBXNativeTarget "CoreAnimationIntro" */ = {
			isa = XCConfigurationList;
			buildConfigurations = (
				716DA52325B35C7900F39C39 /* Debug */,
				716DA52425B35C7900F39C39 /* Release */,
			);
			defaultConfigurationIsVisible = 0;
			defaultConfigurationName = Release;
		};
/* End XCConfigurationList section */
	};
	rootObject = 716DA50625B35C7800F39C39 /* Project object */;
}
