// !$*UTF8*$!
{
	archiveVersion = 1;
	classes = {
	};
	objectVersion = 50;
	objects = {

/* Begin PBXBuildFile section */
		716B87C024C7138C00216A9C /* Factories.swift in Sources */ = {isa = PBXBuildFile; fileRef = 716B87BF24C7138C00216A9C /* Factories.swift */; };
		716B87C224C713E200216A9C /* HistoryViewCell.swift in Sources */ = {isa = PBXBuildFile; fileRef = 716B87C124C713E200216A9C /* HistoryViewCell.swift */; };
		716B87C424C71FAF00216A9C /* HistoryService.swift in Sources */ = {isa = PBXBuildFile; fileRef = 716B87C324C71FAF00216A9C /* HistoryService.swift */; };
		716B87C624C7352F00216A9C /* HistoryViewModel.swift in Sources */ = {isa = PBXBuildFile; fileRef = 716B87C524C7352F00216A9C /* HistoryViewModel.swift */; };
		716B87C824C7361E00216A9C /* HistoryTransaction.swift in Sources */ = {isa = PBXBuildFile; fileRef = 716B87C724C7361E00216A9C /* HistoryTransaction.swift */; };
		716B87D024C78E0500216A9C /* HistorySpikeTests.swift in Sources */ = {isa = PBXBuildFile; fileRef = 716B87CF24C78E0500216A9C /* HistorySpikeTests.swift */; };
		71A4338524C5FFF50083D712 /* AppDelegate.swift in Sources */ = {isa = PBXBuildFile; fileRef = 71A4338424C5FFF50083D712 /* AppDelegate.swift */; };
		71A4338924C5FFF50083D712 /* HistoryViewController.swift in Sources */ = {isa = PBXBuildFile; fileRef = 71A4338824C5FFF50083D712 /* HistoryViewController.swift */; };
		71A4338E24C5FFF60083D712 /* Assets.xcassets in Resources */ = {isa = PBXBuildFile; fileRef = 71A4338D24C5FFF60083D712 /* Assets.xcassets */; };
		71A4339124C5FFF60083D712 /* LaunchScreen.storyboard in Resources */ = {isa = PBXBuildFile; fileRef = 71A4338F24C5FFF60083D712 /* LaunchScreen.storyboard */; };
		71C312A324C8D0F700704BAD /* HistoryViewModelTests.swift in Sources */ = {isa = PBXBuildFile; fileRef = 71C312A224C8D0F700704BAD /* HistoryViewModelTests.swift */; };
/* End PBXBuildFile section */

/* Begin PBXContainerItemProxy section */
		716B87D224C78E0500216A9C /* PBXContainerItemProxy */ = {
			isa = PBXContainerItemProxy;
			containerPortal = 71A4337924C5FFF50083D712 /* Project object */;
			proxyType = 1;
			remoteGlobalIDString = 71A4338024C5FFF50083D712;
			remoteInfo = HistorySpike;
		};
/* End PBXContainerItemProxy section */

/* Begin PBXFileReference section */
		716B87BF24C7138C00216A9C /* Factories.swift */ = {isa = PBXFileReference; lastKnownFileType = sourcecode.swift; path = Factories.swift; sourceTree = "<group>"; };
		716B87C124C713E200216A9C /* HistoryViewCell.swift */ = {isa = PBXFileReference; lastKnownFileType = sourcecode.swift; path = HistoryViewCell.swift; sourceTree = "<group>"; };
		716B87C324C71FAF00216A9C /* HistoryService.swift */ = {isa = PBXFileReference; lastKnownFileType = sourcecode.swift; path = HistoryService.swift; sourceTree = "<group>"; };
		716B87C524C7352F00216A9C /* HistoryViewModel.swift */ = {isa = PBXFileReference; lastKnownFileType = sourcecode.swift; path = HistoryViewModel.swift; sourceTree = "<group>"; };
		716B87C724C7361E00216A9C /* HistoryTransaction.swift */ = {isa = PBXFileReference; lastKnownFileType = sourcecode.swift; path = HistoryTransaction.swift; sourceTree = "<group>"; };
		716B87CD24C78E0500216A9C /* HistorySpikeTests.xctest */ = {isa = PBXFileReference; explicitFileType = wrapper.cfbundle; includeInIndex = 0; path = HistorySpikeTests.xctest; sourceTree = BUILT_PRODUCTS_DIR; };
		716B87CF24C78E0500216A9C /* HistorySpikeTests.swift */ = {isa = PBXFileReference; lastKnownFileType = sourcecode.swift; path = HistorySpikeTests.swift; sourceTree = "<group>"; };
		716B87D124C78E0500216A9C /* Info.plist */ = {isa = PBXFileReference; lastKnownFileType = text.plist.xml; path = Info.plist; sourceTree = "<group>"; };
		71A4338124C5FFF50083D712 /* HistorySpike.app */ = {isa = PBXFileReference; explicitFileType = wrapper.application; includeInIndex = 0; path = HistorySpike.app; sourceTree = BUILT_PRODUCTS_DIR; };
		71A4338424C5FFF50083D712 /* AppDelegate.swift */ = {isa = PBXFileReference; lastKnownFileType = sourcecode.swift; path = AppDelegate.swift; sourceTree = "<group>"; };
		71A4338824C5FFF50083D712 /* HistoryViewController.swift */ = {isa = PBXFileReference; lastKnownFileType = sourcecode.swift; path = HistoryViewController.swift; sourceTree = "<group>"; };
		71A4338D24C5FFF60083D712 /* Assets.xcassets */ = {isa = PBXFileReference; lastKnownFileType = folder.assetcatalog; path = Assets.xcassets; sourceTree = "<group>"; };
		71A4339024C5FFF60083D712 /* Base */ = {isa = PBXFileReference; lastKnownFileType = file.storyboard; name = Base; path = Base.lproj/LaunchScreen.storyboard; sourceTree = "<group>"; };
		71A4339224C5FFF60083D712 /* Info.plist */ = {isa = PBXFileReference; lastKnownFileType = text.plist.xml; path = Info.plist; sourceTree = "<group>"; };
		71C312A224C8D0F700704BAD /* HistoryViewModelTests.swift */ = {isa = PBXFileReference; lastKnownFileType = sourcecode.swift; path = HistoryViewModelTests.swift; sourceTree = "<group>"; };
/* End PBXFileReference section */

/* Begin PBXFrameworksBuildPhase section */
		716B87CA24C78E0500216A9C /* Frameworks */ = {
			isa = PBXFrameworksBuildPhase;
			buildActionMask = 2147483647;
			files = (
			);
			runOnlyForDeploymentPostprocessing = 0;
		};
		71A4337E24C5FFF50083D712 /* Frameworks */ = {
			isa = PBXFrameworksBuildPhase;
			buildActionMask = 2147483647;
			files = (
			);
			runOnlyForDeploymentPostprocessing = 0;
		};
/* End PBXFrameworksBuildPhase section */

/* Begin PBXGroup section */
		716B87CE24C78E0500216A9C /* HistorySpikeTests */ = {
			isa = PBXGroup;
			children = (
				716B87CF24C78E0500216A9C /* HistorySpikeTests.swift */,
				71C312A224C8D0F700704BAD /* HistoryViewModelTests.swift */,
				716B87D124C78E0500216A9C /* Info.plist */,
			);
			path = HistorySpikeTests;
			sourceTree = "<group>";
		};
		71A4337824C5FFF50083D712 = {
			isa = PBXGroup;
			children = (
				71A4338324C5FFF50083D712 /* HistorySpike */,
				71A4339824C6001B0083D712 /* Files */,
				716B87CE24C78E0500216A9C /* HistorySpikeTests */,
				71A4338224C5FFF50083D712 /* Products */,
			);
			sourceTree = "<group>";
		};
		71A4338224C5FFF50083D712 /* Products */ = {
			isa = PBXGroup;
			children = (
				71A4338124C5FFF50083D712 /* HistorySpike.app */,
				716B87CD24C78E0500216A9C /* HistorySpikeTests.xctest */,
			);
			name = Products;
			sourceTree = "<group>";
		};
		71A4338324C5FFF50083D712 /* HistorySpike */ = {
			isa = PBXGroup;
			children = (
				71A4338424C5FFF50083D712 /* AppDelegate.swift */,
				71A4338824C5FFF50083D712 /* HistoryViewController.swift */,
				716B87C124C713E200216A9C /* HistoryViewCell.swift */,
				716B87C524C7352F00216A9C /* HistoryViewModel.swift */,
				716B87C724C7361E00216A9C /* HistoryTransaction.swift */,
				716B87C324C71FAF00216A9C /* HistoryService.swift */,
				716B87BF24C7138C00216A9C /* Factories.swift */,
			);
			path = HistorySpike;
			sourceTree = "<group>";
		};
		71A4339824C6001B0083D712 /* Files */ = {
			isa = PBXGroup;
			children = (
				71A4338D24C5FFF60083D712 /* Assets.xcassets */,
				71A4338F24C5FFF60083D712 /* LaunchScreen.storyboard */,
				71A4339224C5FFF60083D712 /* Info.plist */,
			);
			name = Files;
			path = HistorySpike;
			sourceTree = "<group>";
		};
/* End PBXGroup section */

/* Begin PBXNativeTarget section */
		716B87CC24C78E0500216A9C /* HistorySpikeTests */ = {
			isa = PBXNativeTarget;
			buildConfigurationList = 716B87D424C78E0500216A9C /* Build configuration list for PBXNativeTarget "HistorySpikeTests" */;
			buildPhases = (
				716B87C924C78E0500216A9C /* Sources */,
				716B87CA24C78E0500216A9C /* Frameworks */,
				716B87CB24C78E0500216A9C /* Resources */,
			);
			buildRules = (
			);
			dependencies = (
				716B87D324C78E0500216A9C /* PBXTargetDependency */,
			);
			name = HistorySpikeTests;
			productName = HistorySpikeTests;
			productReference = 716B87CD24C78E0500216A9C /* HistorySpikeTests.xctest */;
			productType = "com.apple.product-type.bundle.unit-test";
		};
		71A4338024C5FFF50083D712 /* HistorySpike */ = {
			isa = PBXNativeTarget;
			buildConfigurationList = 71A4339524C5FFF60083D712 /* Build configuration list for PBXNativeTarget "HistorySpike" */;
			buildPhases = (
				71A4337D24C5FFF50083D712 /* Sources */,
				71A4337E24C5FFF50083D712 /* Frameworks */,
				71A4337F24C5FFF50083D712 /* Resources */,
			);
			buildRules = (
			);
			dependencies = (
			);
			name = HistorySpike;
			productName = HistorySpike;
			productReference = 71A4338124C5FFF50083D712 /* HistorySpike.app */;
			productType = "com.apple.product-type.application";
		};
/* End PBXNativeTarget section */

/* Begin PBXProject section */
		71A4337924C5FFF50083D712 /* Project object */ = {
			isa = PBXProject;
			attributes = {
				LastSwiftUpdateCheck = 1130;
				LastUpgradeCheck = 1130;
				ORGANIZATIONNAME = "Rasmusson Software Consulting";
				TargetAttributes = {
					716B87CC24C78E0500216A9C = {
						CreatedOnToolsVersion = 11.3.1;
						TestTargetID = 71A4338024C5FFF50083D712;
					};
					71A4338024C5FFF50083D712 = {
						CreatedOnToolsVersion = 11.3.1;
					};
				};
			};
			buildConfigurationList = 71A4337C24C5FFF50083D712 /* Build configuration list for PBXProject "HistorySpike" */;
			compatibilityVersion = "Xcode 9.3";
			developmentRegion = en;
			hasScannedForEncodings = 0;
			knownRegions = (
				en,
				Base,
			);
			mainGroup = 71A4337824C5FFF50083D712;
			productRefGroup = 71A4338224C5FFF50083D712 /* Products */;
			projectDirPath = "";
			projectRoot = "";
			targets = (
				71A4338024C5FFF50083D712 /* HistorySpike */,
				716B87CC24C78E0500216A9C /* HistorySpikeTests */,
			);
		};
/* End PBXProject section */

/* Begin PBXResourcesBuildPhase section */
		716B87CB24C78E0500216A9C /* Resources */ = {
			isa = PBXResourcesBuildPhase;
			buildActionMask = 2147483647;
			files = (
			);
			runOnlyForDeploymentPostprocessing = 0;
		};
		71A4337F24C5FFF50083D712 /* Resources */ = {
			isa = PBXResourcesBuildPhase;
			buildActionMask = 2147483647;
			files = (
				71A4339124C5FFF60083D712 /* LaunchScreen.storyboard in Resources */,
				71A4338E24C5FFF60083D712 /* Assets.xcassets in Resources */,
			);
			runOnlyForDeploymentPostprocessing = 0;
		};
/* End PBXResourcesBuildPhase section */

/* Begin PBXSourcesBuildPhase section */
		716B87C924C78E0500216A9C /* Sources */ = {
			isa = PBXSourcesBuildPhase;
			buildActionMask = 2147483647;
			files = (
				716B87D024C78E0500216A9C /* HistorySpikeTests.swift in Sources */,
				71C312A324C8D0F700704BAD /* HistoryViewModelTests.swift in Sources */,
			);
			runOnlyForDeploymentPostprocessing = 0;
		};
		71A4337D24C5FFF50083D712 /* Sources */ = {
			isa = PBXSourcesBuildPhase;
			buildActionMask = 2147483647;
			files = (
				716B87C024C7138C00216A9C /* Factories.swift in Sources */,
				716B87C624C7352F00216A9C /* HistoryViewModel.swift in Sources */,
				716B87C224C713E200216A9C /* HistoryViewCell.swift in Sources */,
				716B87C424C71FAF00216A9C /* HistoryService.swift in Sources */,
				71A4338924C5FFF50083D712 /* HistoryViewController.swift in Sources */,
				71A4338524C5FFF50083D712 /* AppDelegate.swift in Sources */,
				716B87C824C7361E00216A9C /* HistoryTransaction.swift in Sources */,
			);
			runOnlyForDeploymentPostprocessing = 0;
		};
/* End PBXSourcesBuildPhase section */

/* Begin PBXTargetDependency section */
		716B87D324C78E0500216A9C /* PBXTargetDependency */ = {
			isa = PBXTargetDependency;
			target = 71A4338024C5FFF50083D712 /* HistorySpike */;
			targetProxy = 716B87D224C78E0500216A9C /* PBXContainerItemProxy */;
		};
/* End PBXTargetDependency section */

/* Begin PBXVariantGroup section */
		71A4338F24C5FFF60083D712 /* LaunchScreen.storyboard */ = {
			isa = PBXVariantGroup;
			children = (
				71A4339024C5FFF60083D712 /* Base */,
			);
			name = LaunchScreen.storyboard;
			sourceTree = "<group>";
		};
/* End PBXVariantGroup section */

/* Begin XCBuildConfiguration section */
		716B87D524C78E0500216A9C /* Debug */ = {
			isa = XCBuildConfiguration;
			buildSettings = {
				BUNDLE_LOADER = "$(TEST_HOST)";
				CODE_SIGN_STYLE = Automatic;
				DEVELOPMENT_TEAM = SH289S78C5;
				INFOPLIST_FILE = HistorySpikeTests/Info.plist;
				LD_RUNPATH_SEARCH_PATHS = (
					"$(inherited)",
					"@executable_path/Frameworks",
					"@loader_path/Frameworks",
				);
				PRODUCT_BUNDLE_IDENTIFIER = com.rsc.HistorySpikeTests;
				PRODUCT_NAME = "$(TARGET_NAME)";
				SWIFT_VERSION = 5.0;
				TARGETED_DEVICE_FAMILY = "1,2";
				TEST_HOST = "$(BUILT_PRODUCTS_DIR)/HistorySpike.app/HistorySpike";
			};
			name = Debug;
		};
		716B87D624C78E0500216A9C /* Release */ = {
			isa = XCBuildConfiguration;
			buildSettings = {
				BUNDLE_LOADER = "$(TEST_HOST)";
				CODE_SIGN_STYLE = Automatic;
				DEVELOPMENT_TEAM = SH289S78C5;
				INFOPLIST_FILE = HistorySpikeTests/Info.plist;
				LD_RUNPATH_SEARCH_PATHS = (
					"$(inherited)",
					"@executable_path/Frameworks",
					"@loader_path/Frameworks",
				);
				PRODUCT_BUNDLE_IDENTIFIER = com.rsc.HistorySpikeTests;
				PRODUCT_NAME = "$(TARGET_NAME)";
				SWIFT_VERSION = 5.0;
				TARGETED_DEVICE_FAMILY = "1,2";
				TEST_HOST = "$(BUILT_PRODUCTS_DIR)/HistorySpike.app/HistorySpike";
			};
			name = Release;
		};
		71A4339324C5FFF60083D712 /* Debug */ = {
			isa = XCBuildConfiguration;
			buildSettings = {
				ALWAYS_SEARCH_USER_PATHS = NO;
				CLANG_ANALYZER_NONNULL = YES;
				CLANG_ANALYZER_NUMBER_OBJECT_CONVERSION = YES_AGGRESSIVE;
				CLANG_CXX_LANGUAGE_STANDARD = "gnu++14";
				CLANG_CXX_LIBRARY = "libc++";
				CLANG_ENABLE_MODULES = YES;
				CLANG_ENABLE_OBJC_ARC = YES;
				CLANG_ENABLE_OBJC_WEAK = YES;
				CLANG_WARN_BLOCK_CAPTURE_AUTORELEASING = YES;
				CLANG_WARN_BOOL_CONVERSION = YES;
				CLANG_WARN_COMMA = YES;
				CLANG_WARN_CONSTANT_CONVERSION = YES;
				CLANG_WARN_DEPRECATED_OBJC_IMPLEMENTATIONS = YES;
				CLANG_WARN_DIRECT_OBJC_ISA_USAGE = YES_ERROR;
				CLANG_WARN_DOCUMENTATION_COMMENTS = YES;
				CLANG_WARN_EMPTY_BODY = YES;
				CLANG_WARN_ENUM_CONVERSION = YES;
				CLANG_WARN_INFINITE_RECURSION = YES;
				CLANG_WARN_INT_CONVERSION = YES;
				CLANG_WARN_NON_LITERAL_NULL_CONVERSION = YES;
				CLANG_WARN_OBJC_IMPLICIT_RETAIN_SELF = YES;
				CLANG_WARN_OBJC_LITERAL_CONVERSION = YES;
				CLANG_WARN_OBJC_ROOT_CLASS = YES_ERROR;
				CLANG_WARN_RANGE_LOOP_ANALYSIS = YES;
				CLANG_WARN_STRICT_PROTOTYPES = YES;
				CLANG_WARN_SUSPICIOUS_MOVE = YES;
				CLANG_WARN_UNGUARDED_AVAILABILITY = YES_AGGRESSIVE;
				CLANG_WARN_UNREACHABLE_CODE = YES;
				CLANG_WARN__DUPLICATE_METHOD_MATCH = YES;
				COPY_PHASE_STRIP = NO;
				DEBUG_INFORMATION_FORMAT = dwarf;
				ENABLE_STRICT_OBJC_MSGSEND = YES;
				ENABLE_TESTABILITY = YES;
				GCC_C_LANGUAGE_STANDARD = gnu11;
				GCC_DYNAMIC_NO_PIC = NO;
				GCC_NO_COMMON_BLOCKS = YES;
				GCC_OPTIMIZATION_LEVEL = 0;
				GCC_PREPROCESSOR_DEFINITIONS = (
					"DEBUG=1",
					"$(inherited)",
				);
				GCC_WARN_64_TO_32_BIT_CONVERSION = YES;
				GCC_WARN_ABOUT_RETURN_TYPE = YES_ERROR;
				GCC_WARN_UNDECLARED_SELECTOR = YES;
				GCC_WARN_UNINITIALIZED_AUTOS = YES_AGGRESSIVE;
				GCC_WARN_UNUSED_FUNCTION = YES;
				GCC_WARN_UNUSED_VARIABLE = YES;
				IPHONEOS_DEPLOYMENT_TARGET = 13.2;
				MTL_ENABLE_DEBUG_INFO = INCLUDE_SOURCE;
				MTL_FAST_MATH = YES;
				ONLY_ACTIVE_ARCH = YES;
				SDKROOT = iphoneos;
				SWIFT_ACTIVE_COMPILATION_CONDITIONS = DEBUG;
				SWIFT_OPTIMIZATION_LEVEL = "-Onone";
			};
			name = Debug;
		};
		71A4339424C5FFF60083D712 /* Release */ = {
			isa = XCBuildConfiguration;
			buildSettings = {
				ALWAYS_SEARCH_USER_PATHS = NO;
				CLANG_ANALYZER_NONNULL = YES;
				CLANG_ANALYZER_NUMBER_OBJECT_CONVERSION = YES_AGGRESSIVE;
				CLANG_CXX_LANGUAGE_STANDARD = "gnu++14";
				CLANG_CXX_LIBRARY = "libc++";
				CLANG_ENABLE_MODULES = YES;
				CLANG_ENABLE_OBJC_ARC = YES;
				CLANG_ENABLE_OBJC_WEAK = YES;
				CLANG_WARN_BLOCK_CAPTURE_AUTORELEASING = YES;
				CLANG_WARN_BOOL_CONVERSION = YES;
				CLANG_WARN_COMMA = YES;
				CLANG_WARN_CONSTANT_CONVERSION = YES;
				CLANG_WARN_DEPRECATED_OBJC_IMPLEMENTATIONS = YES;
				CLANG_WARN_DIRECT_OBJC_ISA_USAGE = YES_ERROR;
				CLANG_WARN_DOCUMENTATION_COMMENTS = YES;
				CLANG_WARN_EMPTY_BODY = YES;
				CLANG_WARN_ENUM_CONVERSION = YES;
				CLANG_WARN_INFINITE_RECURSION = YES;
				CLANG_WARN_INT_CONVERSION = YES;
				CLANG_WARN_NON_LITERAL_NULL_CONVERSION = YES;
				CLANG_WARN_OBJC_IMPLICIT_RETAIN_SELF = YES;
				CLANG_WARN_OBJC_LITERAL_CONVERSION = YES;
				CLANG_WARN_OBJC_ROOT_CLASS = YES_ERROR;
				CLANG_WARN_RANGE_LOOP_ANALYSIS = YES;
				CLANG_WARN_STRICT_PROTOTYPES = YES;
				CLANG_WARN_SUSPICIOUS_MOVE = YES;
				CLANG_WARN_UNGUARDED_AVAILABILITY = YES_AGGRESSIVE;
				CLANG_WARN_UNREACHABLE_CODE = YES;
				CLANG_WARN__DUPLICATE_METHOD_MATCH = YES;
				COPY_PHASE_STRIP = NO;
				DEBUG_INFORMATION_FORMAT = "dwarf-with-dsym";
				ENABLE_NS_ASSERTIONS = NO;
				ENABLE_STRICT_OBJC_MSGSEND = YES;
				GCC_C_LANGUAGE_STANDARD = gnu11;
				GCC_NO_COMMON_BLOCKS = YES;
				GCC_WARN_64_TO_32_BIT_CONVERSION = YES;
				GCC_WARN_ABOUT_RETURN_TYPE = YES_ERROR;
				GCC_WARN_UNDECLARED_SELECTOR = YES;
				GCC_WARN_UNINITIALIZED_AUTOS = YES_AGGRESSIVE;
				GCC_WARN_UNUSED_FUNCTION = YES;
				GCC_WARN_UNUSED_VARIABLE = YES;
				IPHONEOS_DEPLOYMENT_TARGET = 13.2;
				MTL_ENABLE_DEBUG_INFO = NO;
				MTL_FAST_MATH = YES;
				SDKROOT = iphoneos;
				SWIFT_COMPILATION_MODE = wholemodule;
				SWIFT_OPTIMIZATION_LEVEL = "-O";
				VALIDATE_PRODUCT = YES;
			};
			name = Release;
		};
		71A4339624C5FFF60083D712 /* Debug */ = {
			isa = XCBuildConfiguration;
			buildSettings = {
				ASSETCATALOG_COMPILER_APPICON_NAME = AppIcon;
				CODE_SIGN_STYLE = Automatic;
				DEVELOPMENT_TEAM = SH289S78C5;
				INFOPLIST_FILE = HistorySpike/Info.plist;
				LD_RUNPATH_SEARCH_PATHS = (
					"$(inherited)",
					"@executable_path/Frameworks",
				);
				PRODUCT_BUNDLE_IDENTIFIER = com.rsc.HistorySpike;
				PRODUCT_NAME = "$(TARGET_NAME)";
				SWIFT_VERSION = 5.0;
				TARGETED_DEVICE_FAMILY = "1,2";
			};
			name = Debug;
		};
		71A4339724C5FFF60083D712 /* Release */ = {
			isa = XCBuildConfiguration;
			buildSettings = {
				ASSETCATALOG_COMPILER_APPICON_NAME = AppIcon;
				CODE_SIGN_STYLE = Automatic;
				DEVELOPMENT_TEAM = SH289S78C5;
				INFOPLIST_FILE = HistorySpike/Info.plist;
				LD_RUNPATH_SEARCH_PATHS = (
					"$(inherited)",
					"@executable_path/Frameworks",
				);
				PRODUCT_BUNDLE_IDENTIFIER = com.rsc.HistorySpike;
				PRODUCT_NAME = "$(TARGET_NAME)";
				SWIFT_VERSION = 5.0;
				TARGETED_DEVICE_FAMILY = "1,2";
			};
			name = Release;
		};
/* End XCBuildConfiguration section */

/* Begin XCConfigurationList section */
		716B87D424C78E0500216A9C /* Build configuration list for PBXNativeTarget "HistorySpikeTests" */ = {
			isa = XCConfigurationList;
			buildConfigurations = (
				716B87D524C78E0500216A9C /* Debug */,
				716B87D624C78E0500216A9C /* Release */,
			);
			defaultConfigurationIsVisible = 0;
			defaultConfigurationName = Release;
		};
		71A4337C24C5FFF50083D712 /* Build configuration list for PBXProject "HistorySpike" */ = {
			isa = XCConfigurationList;
			buildConfigurations = (
				71A4339324C5FFF60083D712 /* Debug */,
				71A4339424C5FFF60083D712 /* Release */,
			);
			defaultConfigurationIsVisible = 0;
			defaultConfigurationName = Release;
		};
		71A4339524C5FFF60083D712 /* Build configuration list for PBXNativeTarget "HistorySpike" */ = {
			isa = XCConfigurationList;
			buildConfigurations = (
				71A4339624C5FFF60083D712 /* Debug */,
				71A4339724C5FFF60083D712 /* Release */,
			);
			defaultConfigurationIsVisible = 0;
			defaultConfigurationName = Release;
		};
/* End XCConfigurationList section */
	};
	rootObject = 71A4337924C5FFF50083D712 /* Project object */;
}
