// !$*UTF8*$!
{
	archiveVersion = 1;
	classes = {
	};
	objectVersion = 50;
	objects = {

/* Begin PBXBuildFile section */
		71B46B5425C8444000BB8DD6 /* AppDelegate.swift in Sources */ = {isa = PBXBuildFile; fileRef = 71B46B5325C8444000BB8DD6 /* AppDelegate.swift */; };
		71B46B5625C8444000BB8DD6 /* SceneDelegate.swift in Sources */ = {isa = PBXBuildFile; fileRef = 71B46B5525C8444000BB8DD6 /* SceneDelegate.swift */; };
		71B46B5825C8444000BB8DD6 /* ViewController.swift in Sources */ = {isa = PBXBuildFile; fileRef = 71B46B5725C8444000BB8DD6 /* ViewController.swift */; };
		71B46B5B25C8444000BB8DD6 /* Main.storyboard in Resources */ = {isa = PBXBuildFile; fileRef = 71B46B5925C8444000BB8DD6 /* Main.storyboard */; };
		71B46B5D25C8444100BB8DD6 /* Assets.xcassets in Resources */ = {isa = PBXBuildFile; fileRef = 71B46B5C25C8444100BB8DD6 /* Assets.xcassets */; };
		71B46B6025C8444100BB8DD6 /* LaunchScreen.storyboard in Resources */ = {isa = PBXBuildFile; fileRef = 71B46B5E25C8444100BB8DD6 /* LaunchScreen.storyboard */; };
		71B46B6A25C8446300BB8DD6 /* CreditCardControl.swift in Sources */ = {isa = PBXBuildFile; fileRef = 71B46B6925C8446300BB8DD6 /* CreditCardControl.swift */; };
/* End PBXBuildFile section */

/* Begin PBXFileReference section */
		71B46B5025C8444000BB8DD6 /* RadioFun.app */ = {isa = PBXFileReference; explicitFileType = wrapper.application; includeInIndex = 0; path = RadioFun.app; sourceTree = BUILT_PRODUCTS_DIR; };
		71B46B5325C8444000BB8DD6 /* AppDelegate.swift */ = {isa = PBXFileReference; lastKnownFileType = sourcecode.swift; path = AppDelegate.swift; sourceTree = "<group>"; };
		71B46B5525C8444000BB8DD6 /* SceneDelegate.swift */ = {isa = PBXFileReference; lastKnownFileType = sourcecode.swift; path = SceneDelegate.swift; sourceTree = "<group>"; };
		71B46B5725C8444000BB8DD6 /* ViewController.swift */ = {isa = PBXFileReference; lastKnownFileType = sourcecode.swift; path = ViewController.swift; sourceTree = "<group>"; };
		71B46B5A25C8444000BB8DD6 /* Base */ = {isa = PBXFileReference; lastKnownFileType = file.storyboard; name = Base; path = Base.lproj/Main.storyboard; sourceTree = "<group>"; };
		71B46B5C25C8444100BB8DD6 /* Assets.xcassets */ = {isa = PBXFileReference; lastKnownFileType = folder.assetcatalog; path = Assets.xcassets; sourceTree = "<group>"; };
		71B46B5F25C8444100BB8DD6 /* Base */ = {isa = PBXFileReference; lastKnownFileType = file.storyboard; name = Base; path = Base.lproj/LaunchScreen.storyboard; sourceTree = "<group>"; };
		71B46B6125C8444100BB8DD6 /* Info.plist */ = {isa = PBXFileReference; lastKnownFileType = text.plist.xml; path = Info.plist; sourceTree = "<group>"; };
		71B46B6925C8446300BB8DD6 /* CreditCardControl.swift */ = {isa = PBXFileReference; lastKnownFileType = sourcecode.swift; path = CreditCardControl.swift; sourceTree = "<group>"; };
/* End PBXFileReference section */

/* Begin PBXFrameworksBuildPhase section */
		71B46B4D25C8444000BB8DD6 /* Frameworks */ = {
			isa = PBXFrameworksBuildPhase;
			buildActionMask = 2147483647;
			files = (
			);
			runOnlyForDeploymentPostprocessing = 0;
		};
/* End PBXFrameworksBuildPhase section */

/* Begin PBXGroup section */
		71B46B4725C8444000BB8DD6 = {
			isa = PBXGroup;
			children = (
				71B46B5225C8444000BB8DD6 /* RadioFun */,
				71B46B5125C8444000BB8DD6 /* Products */,
			);
			sourceTree = "<group>";
		};
		71B46B5125C8444000BB8DD6 /* Products */ = {
			isa = PBXGroup;
			children = (
				71B46B5025C8444000BB8DD6 /* RadioFun.app */,
			);
			name = Products;
			sourceTree = "<group>";
		};
		71B46B5225C8444000BB8DD6 /* RadioFun */ = {
			isa = PBXGroup;
			children = (
				71B46B6825C8444C00BB8DD6 /* Files */,
				71B46B5725C8444000BB8DD6 /* ViewController.swift */,
				71B46B6925C8446300BB8DD6 /* CreditCardControl.swift */,
			);
			path = RadioFun;
			sourceTree = "<group>";
		};
		71B46B6825C8444C00BB8DD6 /* Files */ = {
			isa = PBXGroup;
			children = (
				71B46B5325C8444000BB8DD6 /* AppDelegate.swift */,
				71B46B5525C8444000BB8DD6 /* SceneDelegate.swift */,
				71B46B5925C8444000BB8DD6 /* Main.storyboard */,
				71B46B5C25C8444100BB8DD6 /* Assets.xcassets */,
				71B46B5E25C8444100BB8DD6 /* LaunchScreen.storyboard */,
				71B46B6125C8444100BB8DD6 /* Info.plist */,
			);
			name = Files;
			sourceTree = "<group>";
		};
/* End PBXGroup section */

/* Begin PBXNativeTarget section */
		71B46B4F25C8444000BB8DD6 /* RadioFun */ = {
			isa = PBXNativeTarget;
			buildConfigurationList = 71B46B6425C8444100BB8DD6 /* Build configuration list for PBXNativeTarget "RadioFun" */;
			buildPhases = (
				71B46B4C25C8444000BB8DD6 /* Sources */,
				71B46B4D25C8444000BB8DD6 /* Frameworks */,
				71B46B4E25C8444000BB8DD6 /* Resources */,
			);
			buildRules = (
			);
			dependencies = (
			);
			name = RadioFun;
			productName = RadioFun;
			productReference = 71B46B5025C8444000BB8DD6 /* RadioFun.app */;
			productType = "com.apple.product-type.application";
		};
/* End PBXNativeTarget section */

/* Begin PBXProject section */
		71B46B4825C8444000BB8DD6 /* Project object */ = {
			isa = PBXProject;
			attributes = {
				LastSwiftUpdateCheck = 1230;
				LastUpgradeCheck = 1230;
				TargetAttributes = {
					71B46B4F25C8444000BB8DD6 = {
						CreatedOnToolsVersion = 12.3;
					};
				};
			};
			buildConfigurationList = 71B46B4B25C8444000BB8DD6 /* Build configuration list for PBXProject "RadioFun" */;
			compatibilityVersion = "Xcode 9.3";
			developmentRegion = en;
			hasScannedForEncodings = 0;
			knownRegions = (
				en,
				Base,
			);
			mainGroup = 71B46B4725C8444000BB8DD6;
			productRefGroup = 71B46B5125C8444000BB8DD6 /* Products */;
			projectDirPath = "";
			projectRoot = "";
			targets = (
				71B46B4F25C8444000BB8DD6 /* RadioFun */,
			);
		};
/* End PBXProject section */

/* Begin PBXResourcesBuildPhase section */
		71B46B4E25C8444000BB8DD6 /* Resources */ = {
			isa = PBXResourcesBuildPhase;
			buildActionMask = 2147483647;
			files = (
				71B46B6025C8444100BB8DD6 /* LaunchScreen.storyboard in Resources */,
				71B46B5D25C8444100BB8DD6 /* Assets.xcassets in Resources */,
				71B46B5B25C8444000BB8DD6 /* Main.storyboard in Resources */,
			);
			runOnlyForDeploymentPostprocessing = 0;
		};
/* End PBXResourcesBuildPhase section */

/* Begin PBXSourcesBuildPhase section */
		71B46B4C25C8444000BB8DD6 /* Sources */ = {
			isa = PBXSourcesBuildPhase;
			buildActionMask = 2147483647;
			files = (
				71B46B5825C8444000BB8DD6 /* ViewController.swift in Sources */,
				71B46B5425C8444000BB8DD6 /* AppDelegate.swift in Sources */,
				71B46B5625C8444000BB8DD6 /* SceneDelegate.swift in Sources */,
				71B46B6A25C8446300BB8DD6 /* CreditCardControl.swift in Sources */,
			);
			runOnlyForDeploymentPostprocessing = 0;
		};
/* End PBXSourcesBuildPhase section */

/* Begin PBXVariantGroup section */
		71B46B5925C8444000BB8DD6 /* Main.storyboard */ = {
			isa = PBXVariantGroup;
			children = (
				71B46B5A25C8444000BB8DD6 /* Base */,
			);
			name = Main.storyboard;
			sourceTree = "<group>";
		};
		71B46B5E25C8444100BB8DD6 /* LaunchScreen.storyboard */ = {
			isa = PBXVariantGroup;
			children = (
				71B46B5F25C8444100BB8DD6 /* Base */,
			);
			name = LaunchScreen.storyboard;
			sourceTree = "<group>";
		};
/* End PBXVariantGroup section */

/* Begin XCBuildConfiguration section */
		71B46B6225C8444100BB8DD6 /* Debug */ = {
			isa = XCBuildConfiguration;
			buildSettings = {
				ALWAYS_SEARCH_USER_PATHS = NO;
				CLANG_ANALYZER_NONNULL = YES;
				CLANG_ANALYZER_NUMBER_OBJECT_CONVERSION = YES_AGGRESSIVE;
				CLANG_CXX_LANGUAGE_STANDARD = "gnu++14";
				CLANG_CXX_LIBRARY = "libc++";
				CLANG_ENABLE_MODULES = YES;
				CLANG_ENABLE_OBJC_ARC = YES;
				CLANG_ENABLE_OBJC_WEAK = YES;
				CLANG_WARN_BLOCK_CAPTURE_AUTORELEASING = YES;
				CLANG_WARN_BOOL_CONVERSION = YES;
				CLANG_WARN_COMMA = YES;
				CLANG_WARN_CONSTANT_CONVERSION = YES;
				CLANG_WARN_DEPRECATED_OBJC_IMPLEMENTATIONS = YES;
				CLANG_WARN_DIRECT_OBJC_ISA_USAGE = YES_ERROR;
				CLANG_WARN_DOCUMENTATION_COMMENTS = YES;
				CLANG_WARN_EMPTY_BODY = YES;
				CLANG_WARN_ENUM_CONVERSION = YES;
				CLANG_WARN_INFINITE_RECURSION = YES;
				CLANG_WARN_INT_CONVERSION = YES;
				CLANG_WARN_NON_LITERAL_NULL_CONVERSION = YES;
				CLANG_WARN_OBJC_IMPLICIT_RETAIN_SELF = YES;
				CLANG_WARN_OBJC_LITERAL_CONVERSION = YES;
				CLANG_WARN_OBJC_ROOT_CLASS = YES_ERROR;
				CLANG_WARN_QUOTED_INCLUDE_IN_FRAMEWORK_HEADER = YES;
				CLANG_WARN_RANGE_LOOP_ANALYSIS = YES;
				CLANG_WARN_STRICT_PROTOTYPES = YES;
				CLANG_WARN_SUSPICIOUS_MOVE = YES;
				CLANG_WARN_UNGUARDED_AVAILABILITY = YES_AGGRESSIVE;
				CLANG_WARN_UNREACHABLE_CODE = YES;
				CLANG_WARN__DUPLICATE_METHOD_MATCH = YES;
				COPY_PHASE_STRIP = NO;
				DEBUG_INFORMATION_FORMAT = dwarf;
				ENABLE_STRICT_OBJC_MSGSEND = YES;
				ENABLE_TESTABILITY = YES;
				GCC_C_LANGUAGE_STANDARD = gnu11;
				GCC_DYNAMIC_NO_PIC = NO;
				GCC_NO_COMMON_BLOCKS = YES;
				GCC_OPTIMIZATION_LEVEL = 0;
				GCC_PREPROCESSOR_DEFINITIONS = (
					"DEBUG=1",
					"$(inherited)",
				);
				GCC_WARN_64_TO_32_BIT_CONVERSION = YES;
				GCC_WARN_ABOUT_RETURN_TYPE = YES_ERROR;
				GCC_WARN_UNDECLARED_SELECTOR = YES;
				GCC_WARN_UNINITIALIZED_AUTOS = YES_AGGRESSIVE;
				GCC_WARN_UNUSED_FUNCTION = YES;
				GCC_WARN_UNUSED_VARIABLE = YES;
				IPHONEOS_DEPLOYMENT_TARGET = 14.0;
				MTL_ENABLE_DEBUG_INFO = INCLUDE_SOURCE;
				MTL_FAST_MATH = YES;
				ONLY_ACTIVE_ARCH = YES;
				SDKROOT = iphoneos;
				SWIFT_ACTIVE_COMPILATION_CONDITIONS = DEBUG;
				SWIFT_OPTIMIZATION_LEVEL = "-Onone";
			};
			name = Debug;
		};
		71B46B6325C8444100BB8DD6 /* Release */ = {
			isa = XCBuildConfiguration;
			buildSettings = {
				ALWAYS_SEARCH_USER_PATHS = NO;
				CLANG_ANALYZER_NONNULL = YES;
				CLANG_ANALYZER_NUMBER_OBJECT_CONVERSION = YES_AGGRESSIVE;
				CLANG_CXX_LANGUAGE_STANDARD = "gnu++14";
				CLANG_CXX_LIBRARY = "libc++";
				CLANG_ENABLE_MODULES = YES;
				CLANG_ENABLE_OBJC_ARC = YES;
				CLANG_ENABLE_OBJC_WEAK = YES;
				CLANG_WARN_BLOCK_CAPTURE_AUTORELEASING = YES;
				CLANG_WARN_BOOL_CONVERSION = YES;
				CLANG_WARN_COMMA = YES;
				CLANG_WARN_CONSTANT_CONVERSION = YES;
				CLANG_WARN_DEPRECATED_OBJC_IMPLEMENTATIONS = YES;
				CLANG_WARN_DIRECT_OBJC_ISA_USAGE = YES_ERROR;
				CLANG_WARN_DOCUMENTATION_COMMENTS = YES;
				CLANG_WARN_EMPTY_BODY = YES;
				CLANG_WARN_ENUM_CONVERSION = YES;
				CLANG_WARN_INFINITE_RECURSION = YES;
				CLANG_WARN_INT_CONVERSION = YES;
				CLANG_WARN_NON_LITERAL_NULL_CONVERSION = YES;
				CLANG_WARN_OBJC_IMPLICIT_RETAIN_SELF = YES;
				CLANG_WARN_OBJC_LITERAL_CONVERSION = YES;
				CLANG_WARN_OBJC_ROOT_CLASS = YES_ERROR;
				CLANG_WARN_QUOTED_INCLUDE_IN_FRAMEWORK_HEADER = YES;
				CLANG_WARN_RANGE_LOOP_ANALYSIS = YES;
				CLANG_WARN_STRICT_PROTOTYPES = YES;
				CLANG_WARN_SUSPICIOUS_MOVE = YES;
				CLANG_WARN_UNGUARDED_AVAILABILITY = YES_AGGRESSIVE;
				CLANG_WARN_UNREACHABLE_CODE = YES;
				CLANG_WARN__DUPLICATE_METHOD_MATCH = YES;
				COPY_PHASE_STRIP = NO;
				DEBUG_INFORMATION_FORMAT = "dwarf-with-dsym";
				ENABLE_NS_ASSERTIONS = NO;
				ENABLE_STRICT_OBJC_MSGSEND = YES;
				GCC_C_LANGUAGE_STANDARD = gnu11;
				GCC_NO_COMMON_BLOCKS = YES;
				GCC_WARN_64_TO_32_BIT_CONVERSION = YES;
				GCC_WARN_ABOUT_RETURN_TYPE = YES_ERROR;
				GCC_WARN_UNDECLARED_SELECTOR = YES;
				GCC_WARN_UNINITIALIZED_AUTOS = YES_AGGRESSIVE;
				GCC_WARN_UNUSED_FUNCTION = YES;
				GCC_WARN_UNUSED_VARIABLE = YES;
				IPHONEOS_DEPLOYMENT_TARGET = 14.0;
				MTL_ENABLE_DEBUG_INFO = NO;
				MTL_FAST_MATH = YES;
				SDKROOT = iphoneos;
				SWIFT_COMPILATION_MODE = wholemodule;
				SWIFT_OPTIMIZATION_LEVEL = "-O";
				VALIDATE_PRODUCT = YES;
			};
			name = Release;
		};
		71B46B6525C8444100BB8DD6 /* Debug */ = {
			isa = XCBuildConfiguration;
			buildSettings = {
				ASSETCATALOG_COMPILER_APPICON_NAME = AppIcon;
				ASSETCATALOG_COMPILER_GLOBAL_ACCENT_COLOR_NAME = AccentColor;
				CODE_SIGN_STYLE = Automatic;
				INFOPLIST_FILE = RadioFun/Info.plist;
				LD_RUNPATH_SEARCH_PATHS = (
					"$(inherited)",
					"@executable_path/Frameworks",
				);
				PRODUCT_BUNDLE_IDENTIFIER = com.rsc.RadioFun;
				PRODUCT_NAME = "$(TARGET_NAME)";
				SWIFT_VERSION = 5.0;
				TARGETED_DEVICE_FAMILY = "1,2";
			};
			name = Debug;
		};
		71B46B6625C8444100BB8DD6 /* Release */ = {
			isa = XCBuildConfiguration;
			buildSettings = {
				ASSETCATALOG_COMPILER_APPICON_NAME = AppIcon;
				ASSETCATALOG_COMPILER_GLOBAL_ACCENT_COLOR_NAME = AccentColor;
				CODE_SIGN_STYLE = Automatic;
				INFOPLIST_FILE = RadioFun/Info.plist;
				LD_RUNPATH_SEARCH_PATHS = (
					"$(inherited)",
					"@executable_path/Frameworks",
				);
				PRODUCT_BUNDLE_IDENTIFIER = com.rsc.RadioFun;
				PRODUCT_NAME = "$(TARGET_NAME)";
				SWIFT_VERSION = 5.0;
				TARGETED_DEVICE_FAMILY = "1,2";
			};
			name = Release;
		};
/* End XCBuildConfiguration section */

/* Begin XCConfigurationList section */
		71B46B4B25C8444000BB8DD6 /* Build configuration list for PBXProject "RadioFun" */ = {
			isa = XCConfigurationList;
			buildConfigurations = (
				71B46B6225C8444100BB8DD6 /* Debug */,
				71B46B6325C8444100BB8DD6 /* Release */,
			);
			defaultConfigurationIsVisible = 0;
			defaultConfigurationName = Release;
		};
		71B46B6425C8444100BB8DD6 /* Build configuration list for PBXNativeTarget "RadioFun" */ = {
			isa = XCConfigurationList;
			buildConfigurations = (
				71B46B6525C8444100BB8DD6 /* Debug */,
				71B46B6625C8444100BB8DD6 /* Release */,
			);
			defaultConfigurationIsVisible = 0;
			defaultConfigurationName = Release;
		};
/* End XCConfigurationList section */
	};
	rootObject = 71B46B4825C8444000BB8DD6 /* Project object */;
}
